
Microsoft Visual Studio Solution File, Format Version 12.00
# Visual Studio Version 17
VisualStudioVersion = 17.3.32819.101
MinimumVisualStudioVersion = 10.0.40219.1
Project("{9A19103F-16F7-4668-BE54-9A1E7A4F7556}") = "ProductAccelerator.CRUDLibrary.Domain", "ProductAccelerator.CRUDLibrary.Domain\ProductAccelerator.CRUDLibrary.Domain.csproj", "{0C771EB9-2C50-46CB-A173-71CEE9CF5BB2}"
EndProject
Project("{9A19103F-16F7-4668-BE54-9A1E7A4F7556}") = "ProductAccelerator.CRUDLibrary", "ProductAccelerator.CRUDLibrary\ProductAccelerator.CRUDLibrary.csproj", "{7F387D21-D020-4ADA-8126-39F09ADDE0AD}"
EndProject
Project("{9A19103F-16F7-4668-BE54-9A1E7A4F7556}") = "ProductAccelerator.CRUDLibrary.Infrastructure", "ProductAccelerator.CRUDLibrary.Infrastructure\ProductAccelerator.CRUDLibrary.Infrastructure.csproj", "{FC934129-A3E6-4241-AC75-BBEE8575584A}"
EndProject
Project("{9A19103F-16F7-4668-BE54-9A1E7A4F7556}") = "ProductAccelerator.CRUDLibrary.Tests", "ProductAccelerator.CRUDLibrary.Tests\ProductAccelerator.CRUDLibrary.Tests.csproj", "{D089841F-A089-400F-B2B5-9C5F47325E24}"
EndProject
Global
	GlobalSection(SolutionConfigurationPlatforms) = preSolution
		Debug|Any CPU = Debug|Any CPU
		Release|Any CPU = Release|Any CPU
	EndGlobalSection
	GlobalSection(ProjectConfigurationPlatforms) = postSolution
		{0C771EB9-2C50-46CB-A173-71CEE9CF5BB2}.Debug|Any CPU.ActiveCfg = Debug|Any CPU
		{0C771EB9-2C50-46CB-A173-71CEE9CF5BB2}.Debug|Any CPU.Build.0 = Debug|Any CPU
		{0C771EB9-2C50-46CB-A173-71CEE9CF5BB2}.Release|Any CPU.ActiveCfg = Release|Any CPU
		{0C771EB9-2C50-46CB-A173-71CEE9CF5BB2}.Release|Any CPU.Build.0 = Release|Any CPU
		{7F387D21-D020-4ADA-8126-39F09ADDE0AD}.Debug|Any CPU.ActiveCfg = Debug|Any CPU
		{7F387D21-D020-4ADA-8126-39F09ADDE0AD}.Debug|Any CPU.Build.0 = Debug|Any CPU
		{7F387D21-D020-4ADA-8126-39F09ADDE0AD}.Release|Any CPU.ActiveCfg = Release|Any CPU
		{7F387D21-D020-4ADA-8126-39F09ADDE0AD}.Release|Any CPU.Build.0 = Release|Any CPU
		{FC934129-A3E6-4241-AC75-BBEE8575584A}.Debug|Any CPU.ActiveCfg = Debug|Any CPU
		{FC934129-A3E6-4241-AC75-BBEE8575584A}.Debug|Any CPU.Build.0 = Debug|Any CPU
		{FC934129-A3E6-4241-AC75-BBEE8575584A}.Release|Any CPU.ActiveCfg = Release|Any CPU
		{FC934129-A3E6-4241-AC75-BBEE8575584A}.Release|Any CPU.Build.0 = Release|Any CPU
		{D089841F-A089-400F-B2B5-9C5F47325E24}.Debug|Any CPU.ActiveCfg = Debug|Any CPU
		{D089841F-A089-400F-B2B5-9C5F47325E24}.Debug|Any CPU.Build.0 = Debug|Any CPU
		{D089841F-A089-400F-B2B5-9C5F47325E24}.Release|Any CPU.ActiveCfg = Release|Any CPU
		{D089841F-A089-400F-B2B5-9C5F47325E24}.Release|Any CPU.Build.0 = Release|Any CPU
	EndGlobalSection
	GlobalSection(SolutionProperties) = preSolution
		HideSolutionNode = FALSE
	EndGlobalSection
	GlobalSection(ExtensibilityGlobals) = postSolution
		SolutionGuid = {4FF89235-813A-4217-8DD6-B93C6EF8FAA5}
	EndGlobalSection
EndGlobal
